github.com/bufbuild/protocompile v0.8.0 h1:9Kp1q6OkS9L4nM3FYbr8vlJnEwtbpDPQlQOVXfR+78s=
github.com/bufbuild/protocompile v0.8.0/go.mod h1:+Etjg4guZoAqzVk2czwEQP12yaxLJ8DxuqCJ9qHdH94=
github.com/davecgh/go-spew v1.1.1 h1:vj9j/u1bqnvCEfJOwUhtlOARqs3+rkHYY13jYWTU97c=
github.com/davecgh/go-spew v1.1.1/go.mod h1:J7Y8YcW2NihsgmVo/mv3lAwl/skON4iLHjSsI+c5H38=
github.com/google/go-cmp v0.6.0 h1:ofyhxvXcZhMsU5ulbFiLKl/XBFqE1GSq7atu8tAmTRI=
github.com/google/go-cmp v0.6.0/go.mod h1:17dUlkBOakJ0+DkrSSNjCkIjxS6bF9zb3elmeNGIjoY=
github.com/klauspost/compress v1.17.4 h1:Ej5ixsIri7BrIjBkRZLTo6ghwrEtHFk7ijlczPW4fZ4=
github.com/klauspost/compress v1.17.4/go.mod h1:/dCuZOvVtNoHsyb+cuJD3itjs3NbnF6KH9zAO4BDxPM=
github.com/pierrec/lz4/v4 v4.1.19 h1:tYLzDnjDXh9qIxSTKHwXwOYmm9d887Y7Y1ZkyXYHAN4=
github.com/pierrec/lz4/v4 v4.1.19/go.mod h1:gZWDp/Ze/IJXGXf23ltt2EXimqmTUXEy0GFuRQyBid4=
github.com/pmezard/go-difflib v1.0.0 h1:4DBwDE0NGyQoBHbLQYPwSUPoCMWR5BEzIk/f1lZbAQM=
github.com/pmezard/go-difflib v1.0.0/go.mod h1:iKH77koFhYxTK1pcRnkKkqfTogsbg7gZNVY4sRDYZ/4=
github.com/stretchr/testify v1.8.4 h1:CcVxjf3Q8PM0mHUKJCdn+eZZtm5yQwehR5yeSVQQcUk=
github.com/stretchr/testify v1.8.4/go.mod h1:sz/lmYIOXD/1dqDmKjjqLyZ2RngseejIcXlSw2iwfAo=
github.com/twmb/franz-go v1.16.1 h1:rpWc7fB9jd7TgmCyfxzenBI+QbgS8ZfJOUQE+tzPtbE=
github.com/twmb/franz-go v1.16.1/go.mod h1:/pER254UPPGp/4WfGqRi+SIRGE50RSQzVubQp6+N4FA=
github.com/twmb/franz-go/pkg/kmsg v1.7.0 h1:a457IbvezYfA5UkiBvyV3zj0Is3y1i8EJgqjJYoij2E=
github.com/twmb/franz-go/pkg/kmsg v1.7.0/go.mod h1:se9Mjdt0Nwzc9lnjJ0HyDtLyBnaBDAd7pCje47OhSyw=
github.com/twmb/franz-go/pkg/sr v0.0.0-20240221021454-52a9ebaedf47 h1:Y+HKacgGQdNUJ1FZtJXLNe+ku1+2b8H/HoasCZYtL2s=
github.com/twmb/franz-go/pkg/sr v0.0.0-20240221021454-52a9ebaedf47/go.mod h1:egX+kicq83hpztv3PRCXKLNO132Ol9JTAJOCRZcqUxI=
golang.org/x/crypto v0.17.0 h1:r8bRNjWL3GshPW3gkd+RpvzWrZAwPS49OmTGZ/uhM4k=
golang.org/x/crypto v0.17.0/go.mod h1:gCAAfMLgwOJRpTjQ2zCCt2OcSfYMTeZVSRtQlPC7Nq4=
golang.org/x/sync v0.5.0 h1:60k92dhOjHxJkrqnwsfl8KuaHbn/5dl0lUPUklKo3qE=
golang.org/x/sync v0.5.0/go.mod h1:Czt+wKu1gCyEFDUtn0jG5QVvpJ6rzVqr5aXyt9drQfk=
google.golang.org/protobuf v1.32.0 h1:pPC6BG5ex8PDFnkbrGU3EixyhKcQ2aDuBS36lqK/C7I=
google.golang.org/protobuf v1.32.0/go.mod h1:c6P6GXX6sHbq/GpV6MGZEdwhWPcYBgnhAHhKbcUYpos=
gopkg.in/yaml.v3 v3.0.1 h1:fxVm/GzAzEWqLHuvctI91KS9hhNmmWOoWu0XTYJS7CA=
gopkg.in/yaml.v3 v3.0.1/go.mod h1:K4uyk7z7BCEPqu6E+C64Yfv1cQ7kz7rIZviUmN+EgEM=
